
Microsoft Visual Studio Solution File, Format Version 12.00
# Visual Studio 15
VisualStudioVersion = 15.0.27428.2015
MinimumVisualStudioVersion = 10.0.40219.1
Project("{FAE04EC0-301F-11D3-BF4B-00C04F79EFBC}") = "motorController", "motorController\motorController.csproj", "{D480CDCA-3FFD-4CE2-BF08-499BE1977C1F}"
EndProject
Global
	GlobalSection(SolutionConfigurationPlatforms) = preSolution
		Debug|Any CPU = Debug|Any CPU
		Release|Any CPU = Release|Any CPU
	EndGlobalSection
	GlobalSection(ProjectConfigurationPlatforms) = postSolution
		{D480CDCA-3FFD-4CE2-BF08-499BE1977C1F}.Debug|Any CPU.ActiveCfg = Debug|Any CPU
		{D480CDCA-3FFD-4CE2-BF08-499BE1977C1F}.Debug|Any CPU.Build.0 = Debug|Any CPU
		{D480CDCA-3FFD-4CE2-BF08-499BE1977C1F}.Release|Any CPU.ActiveCfg = Release|Any CPU
		{D480CDCA-3FFD-4CE2-BF08-499BE1977C1F}.Release|Any CPU.Build.0 = Release|Any CPU
	EndGlobalSection
	GlobalSection(SolutionProperties) = preSolution
		HideSolutionNode = FALSE
	EndGlobalSection
	GlobalSection(ExtensibilityGlobals) = postSolution
		SolutionGuid = {A49AD49C-D4A2-461C-87CF-6B5C85E5D1BC}
	EndGlobalSection
EndGlobal
